github.com/dgrijalva/jwt-go v3.2.0+incompatible h1:7qlOGliEKZXTDg6OTjfoBKDXWrumCAMpl/TFQ4/5kLM=
github.com/dgrijalva/jwt-go v3.2.0+incompatible/go.mod h1:E3ru+11k8xSBh+hMPgOLZmtrrCbhqsmaPHjLKYnJCaQ=
github.com/jeffotoni/goapiwebserver v0.0.0-20190107070406-6748be6c4dbe h1:wp76GQksYPt41prNBNrBbUpyIPdQutqK3QWbSHIB7c4=
