github.com/gorilla/context v1.1.1 h1:AWwleXJkX/nhcU9bZSnZoi3h/qGYqQAGhq6zZe/aQW8=
github.com/gorilla/context v1.1.1/go.mod h1:kBGZzfjB9CEq2AlWe17Uuf7NDRt0dE0s8S51q0aT7Yg=
github.com/gorilla/mux v1.6.2 h1:Pgr17XVTNXAk3q/r4CpKzC5xBM/qW1uVLV+IhRZpIIk=
github.com/gorilla/mux v1.6.2/go.mod h1:1lud6UwP+6orDFRuTfBEV8e9/aOM/c4fVVCaMa2zaAs=
github.com/gorilla/securecookie v1.1.1 h1:miw7JPhV+b/lAHSXz4qd/nN9jRiAFV5FwjeKyCS8BvQ=
github.com/gorilla/securecookie v1.1.1/go.mod h1:ra0sb63/xPlUeL+yeDciTfxMRAA+MP+HVt/4epWDjd4=
github.com/gorilla/sessions v1.1.3 h1:uXoZdcdA5XdXF3QzuSlheVRUvjl+1rKY7zBXL68L9RU=
github.com/gorilla/sessions v1.1.3/go.mod h1:8KCfur6+4Mqcc6S0FEfKuN15Vl5MgXW92AE8ovaJD0w=
github.com/jeffotoni/goapiwebserver v0.0.0-20190108122356-e8f43db08cec h1:CyLchmNBscRvEkDbwxOTjAD5nF8wLCfTmZp7TDPxw1s=
github.com/jeffotoni/goapiwebserver v0.0.0-20190109030422-2c04ae717fdc h1:HODVGaok3nxMgcLEnK9mr33fHZUPq2TGx3mKIBP8MA4=
github.com/jeffotoni/goapiwebserver v0.0.0-20190109081541-3f2a8710c652 h1:9Lc6aoAduHCTSE3wQvZ2Bxj1+4uobvs71Ag6ZMdpeoU=
